<?xml version="1.0" encoding="utf-8"?>
<Project ToolsVersion="4.0" xmlns="http://schemas.microsoft.com/developer/msbuild/2003">
  <ItemGroup>
    <Filter Include="include">
      <UniqueIdentifier>{93995380-89BD-4b04-88EB-625FBE52EBFB}</UniqueIdentifier>
      <Extensions>h;hh;hpp;hxx;hm;inl;inc;xsd</Extensions>
    </Filter>
    <Filter Include="include\detail">
      <UniqueIdentifier>{ece3d10e-7630-415b-b41f-cb7adfa85b52}</UniqueIdentifier>
    </Filter>
    <Filter Include="src">
      <UniqueIdentifier>{4FC737F1-C7A5-4376-A066-2A32D752A2FF}</UniqueIdentifier>
      <Extensions>cpp;c;cc;cxx;def;odl;idl;hpj;bat;asm;asmx</Extensions>
    </Filter>
    <Filter Include="src\detail">
      <UniqueIdentifier>{666beb90-1ddc-4242-9322-e411e588a90c}</UniqueIdentifier>
    </Filter>
  </ItemGroup>
  <ItemGroup>
    <ClInclude Include="..\..\..\include\jsonv\algorithm.hpp">
      <Filter>include</Filter>
    </ClInclude>
    <ClInclude Include="..\..\..\include\jsonv\all.hpp">
      <Filter>include</Filter>
    </ClInclude>
    <ClInclude Include="..\..\..\include\jsonv\coerce.hpp">
      <Filter>include</Filter>
    </ClInclude>
    <ClInclude Include="..\..\..\include\jsonv\config.hpp">
      <Filter>include</Filter>
    </ClInclude>
    <ClInclude Include="..\..\..\include\jsonv\demangle.hpp">
      <Filter>include</Filter>
    </ClInclude>
    <ClInclude Include="..\..\..\include\jsonv\encode.hpp">
      <Filter>include</Filter>
    </ClInclude>
    <ClInclude Include="..\..\..\include\jsonv\extract.hpp">
      <Filter>include</Filter>
    </ClInclude>
    <ClInclude Include="..\..\..\include\jsonv\forward.hpp">
      <Filter>include</Filter>
    </ClInclude>
    <ClInclude Include="..\..\..\include\jsonv\parse.hpp">
      <Filter>include</Filter>
    </ClInclude>
    <ClInclude Include="..\..\..\include\jsonv\path.hpp">
      <Filter>include</Filter>
    </ClInclude>
    <ClInclude Include="..\..\..\include\jsonv\serialization.hpp">
      <Filter>include</Filter>
    </ClInclude>
    <ClInclude Include="..\..\..\include\jsonv\serialization_builder.hpp">
      <Filter>include</Filter>
    </ClInclude>
    <ClInclude Include="..\..\..\include\jsonv\serialization_util.hpp">
      <Filter>include</Filter>
    </ClInclude>
    <ClInclude Include="..\..\..\include\jsonv\string_view.hpp">
      <Filter>include</Filter>
    </ClInclude>
    <ClInclude Include="..\..\..\include\jsonv\tokenizer.hpp">
      <Filter>include</Filter>
    </ClInclude>
    <ClInclude Include="..\..\..\include\jsonv\util.hpp">
      <Filter>include</Filter>
    </ClInclude>
    <ClInclude Include="..\..\..\include\jsonv\value.hpp">
      <Filter>include</Filter>
    </ClInclude>
    <ClInclude Include="..\..\..\include\jsonv\detail\basic_view.hpp">
      <Filter>include\detail</Filter>
    </ClInclude>
    <ClInclude Include="..\..\..\include\jsonv\detail\generic_container.hpp">
      <Filter>include\detail</Filter>
    </ClInclude>
    <ClInclude Include="..\..\..\include\jsonv\detail\nested_exception.hpp">
      <Filter>include\detail</Filter>
    </ClInclude>
    <ClInclude Include="..\..\..\include\jsonv\detail\scope_exit.hpp">
      <Filter>include\detail</Filter>
    </ClInclude>
    <ClInclude Include="..\..\..\include\jsonv\detail\string_view.hpp">
      <Filter>include\detail</Filter>
    </ClInclude>
    <ClInclude Include="..\..\..\src\jsonv\array.hpp">
      <Filter>src</Filter>
    </ClInclude>
    <ClInclude Include="..\..\..\src\jsonv\char_convert.hpp">
      <Filter>src</Filter>
    </ClInclude>
    <ClInclude Include="..\..\..\src\jsonv\detail.hpp">
      <Filter>src</Filter>
    </ClInclude>
    <ClInclude Include="..\..\..\src\jsonv\object.hpp">
      <Filter>src</Filter>
    </ClInclude>
    <ClInclude Include="..\..\..\src\jsonv\detail\fixed_map.hpp">
      <Filter>src\detail</Filter>
    </ClInclude>
    <ClInclude Include="..\..\..\src\jsonv\detail\token_patterns.hpp">
      <Filter>src\detail</Filter>
    </ClInclude>
  </ItemGroup>
  <ItemGroup>
    <ClCompile Include="..\..\..\src\jsonv\algorithm_map.cpp">
      <Filter>src</Filter>
    </ClCompile>
    <ClCompile Include="..\..\..\src\jsonv\algorithm_traverse.cpp">
      <Filter>src</Filter>
    </ClCompile>
    <ClCompile Include="..\..\..\src\jsonv\array.cpp">
      <Filter>src</Filter>
    </ClCompile>
    <ClCompile Include="..\..\..\src\jsonv\char_convert.cpp">
      <Filter>src</Filter>
    </ClCompile>
    <ClCompile Include="..\..\..\src\jsonv\coerce.cpp">
      <Filter>src</Filter>
    </ClCompile>
    <ClCompile Include="..\..\..\src\jsonv\demangle.cpp">
      <Filter>src</Filter>
    </ClCompile>
    <ClCompile Include="..\..\..\src\jsonv\detail.cpp">
      <Filter>src</Filter>
    </ClCompile>
    <ClCompile Include="..\..\..\src\jsonv\encode.cpp">
      <Filter>src</Filter>
    </ClCompile>
    <ClCompile Include="..\..\..\src\jsonv\object.cpp">
      <Filter>src</Filter>
    </ClCompile>
    <ClCompile Include="..\..\..\src\jsonv\parse.cpp">
      <Filter>src</Filter>
    </ClCompile>
    <ClCompile Include="..\..\..\src\jsonv\path.cpp">
      <Filter>src</Filter>
    </ClCompile>
    <ClCompile Include="..\..\..\src\jsonv\serialization.cpp">
      <Filter>src</Filter>
    </ClCompile>
    <ClCompile Include="..\..\..\src\jsonv\serialization_builder.cpp">
      <Filter>src</Filter>
    </ClCompile>
    <ClCompile Include="..\..\..\src\jsonv\tokenizer.cpp">
      <Filter>src</Filter>
    </ClCompile>
    <ClCompile Include="..\..\..\src\jsonv\util.cpp">
      <Filter>src</Filter>
    </ClCompile>
    <ClCompile Include="..\..\..\src\jsonv\value.cpp">
      <Filter>src</Filter>
    </ClCompile>
    <ClCompile Include="..\..\..\src\jsonv\detail\token_patterns.cpp">
      <Filter>src\detail</Filter>
    </ClCompile>
  </ItemGroup>
  <ItemGroup>
    <None Include="packages.config" />
  </ItemGroup>
</Project>